// !$*UTF8*$!
{
	archiveVersion = 1;
	classes = {
	};
	objectVersion = 46;
	objects = {

/* Begin PBXBuildFile section */
		1B0AD7DC1558287300B7D329 /* UIKit.framework in Frameworks */ = {isa = PBXBuildFile; fileRef = 1B0AD7DB1558287300B7D329 /* UIKit.framework */; };
		1B0AD7DE1558287300B7D329 /* Foundation.framework in Frameworks */ = {isa = PBXBuildFile; fileRef = 1B0AD7DD1558287300B7D329 /* Foundation.framework */; };
		1B0AD7E01558287300B7D329 /* CoreGraphics.framework in Frameworks */ = {isa = PBXBuildFile; fileRef = 1B0AD7DF1558287300B7D329 /* CoreGraphics.framework */; };
		1B0AD7E61558287300B7D329 /* InfoPlist.strings in Resources */ = {isa = PBXBuildFile; fileRef = 1B0AD7E41558287300B7D329 /* InfoPlist.strings */; };
		1B0AD7E81558287300B7D329 /* main.m in Sources */ = {isa = PBXBuildFile; fileRef = 1B0AD7E71558287300B7D329 /* main.m */; };
		1B0AD7EC1558287300B7D329 /* AppDelegate.m in Sources */ = {isa = PBXBuildFile; fileRef = 1B0AD7EB1558287300B7D329 /* AppDelegate.m */; };
		1B0AD7EF1558287300B7D329 /* ViewController.m in Sources */ = {isa = PBXBuildFile; fileRef = 1B0AD7EE1558287300B7D329 /* ViewController.m */; };
		1B0AD7F21558287300B7D329 /* ViewController.xib in Resources */ = {isa = PBXBuildFile; fileRef = 1B0AD7F01558287300B7D329 /* ViewController.xib */; };
		1B0AD7FB155828A600B7D329 /* AlertConfirmView.m in Sources */ = {isa = PBXBuildFile; fileRef = 1B0AD7FA155828A600B7D329 /* AlertConfirmView.m */; };
/* End PBXBuildFile section */

/* Begin PBXFileReference section */
		1B0AD7D71558287300B7D329 /* AlertConfirmViewTest.app */ = {isa = PBXFileReference; explicitFileType = wrapper.application; includeInIndex = 0; path = AlertConfirmViewTest.app; sourceTree = BUILT_PRODUCTS_DIR; };
		1B0AD7DB1558287300B7D329 /* UIKit.framework */ = {isa = PBXFileReference; lastKnownFileType = wrapper.framework; name = UIKit.framework; path = System/Library/Frameworks/UIKit.framework; sourceTree = SDKROOT; };
		1B0AD7DD1558287300B7D329 /* Foundation.framework */ = {isa = PBXFileReference; lastKnownFileType = wrapper.framework; name = Foundation.framework; path = System/Library/Frameworks/Foundation.framework; sourceTree = SDKROOT; };
		1B0AD7DF1558287300B7D329 /* CoreGraphics.framework */ = {isa = PBXFileReference; lastKnownFileType = wrapper.framework; name = CoreGraphics.framework; path = System/Library/Frameworks/CoreGraphics.framework; sourceTree = SDKROOT; };
		1B0AD7E31558287300B7D329 /* AlertConfirmViewTest-Info.plist */ = {isa = PBXFileReference; lastKnownFileType = text.plist.xml; path = "AlertConfirmViewTest-Info.plist"; sourceTree = "<group>"; };
		1B0AD7E51558287300B7D329 /* en */ = {isa = PBXFileReference; lastKnownFileType = text.plist.strings; name = en; path = en.lproj/InfoPlist.strings; sourceTree = "<group>"; };
		1B0AD7E71558287300B7D329 /* main.m */ = {isa = PBXFileReference; lastKnownFileType = sourcecode.c.objc; path = main.m; sourceTree = "<group>"; };
		1B0AD7E91558287300B7D329 /* AlertConfirmViewTest-Prefix.pch */ = {isa = PBXFileReference; lastKnownFileType = sourcecode.c.h; path = "AlertConfirmViewTest-Prefix.pch"; sourceTree = "<group>"; };
		1B0AD7EA1558287300B7D329 /* AppDelegate.h */ = {isa = PBXFileReference; lastKnownFileType = sourcecode.c.h; path = AppDelegate.h; sourceTree = "<group>"; };
		1B0AD7EB1558287300B7D329 /* AppDelegate.m */ = {isa = PBXFileReference; lastKnownFileType = sourcecode.c.objc; path = AppDelegate.m; sourceTree = "<group>"; };
		1B0AD7ED1558287300B7D329 /* ViewController.h */ = {isa = PBXFileReference; lastKnownFileType = sourcecode.c.h; path = ViewController.h; sourceTree = "<group>"; };
		1B0AD7EE1558287300B7D329 /* ViewController.m */ = {isa = PBXFileReference; lastKnownFileType = sourcecode.c.objc; path = ViewController.m; sourceTree = "<group>"; };
		1B0AD7F11558287300B7D329 /* en */ = {isa = PBXFileReference; lastKnownFileType = file.xib; name = en; path = en.lproj/ViewController.xib; sourceTree = "<group>"; };
		1B0AD7F9155828A600B7D329 /* AlertConfirmView.h */ = {isa = PBXFileReference; fileEncoding = 4; lastKnownFileType = sourcecode.c.h; path = AlertConfirmView.h; sourceTree = "<group>"; };
		1B0AD7FA155828A600B7D329 /* AlertConfirmView.m */ = {isa = PBXFileReference; fileEncoding = 4; lastKnownFileType = sourcecode.c.objc; path = AlertConfirmView.m; sourceTree = "<group>"; };
/* End PBXFileReference section */

/* Begin PBXFrameworksBuildPhase section */
		1B0AD7D41558287300B7D329 /* Frameworks */ = {
			isa = PBXFrameworksBuildPhase;
			buildActionMask = 2147483647;
			files = (
				1B0AD7DC1558287300B7D329 /* UIKit.framework in Frameworks */,
				1B0AD7DE1558287300B7D329 /* Foundation.framework in Frameworks */,
				1B0AD7E01558287300B7D329 /* CoreGraphics.framework in Frameworks */,
			);
			runOnlyForDeploymentPostprocessing = 0;
		};
/* End PBXFrameworksBuildPhase section */

/* Begin PBXGroup section */
		1B0AD7CC1558287300B7D329 = {
			isa = PBXGroup;
			children = (
				1B0AD7E11558287300B7D329 /* AlertConfirmViewTest */,
				1B0AD7DA1558287300B7D329 /* Frameworks */,
				1B0AD7D81558287300B7D329 /* Products */,
			);
			sourceTree = "<group>";
		};
		1B0AD7D81558287300B7D329 /* Products */ = {
			isa = PBXGroup;
			children = (
				1B0AD7D71558287300B7D329 /* AlertConfirmViewTest.app */,
			);
			name = Products;
			sourceTree = "<group>";
		};
		1B0AD7DA1558287300B7D329 /* Frameworks */ = {
			isa = PBXGroup;
			children = (
				1B0AD7DB1558287300B7D329 /* UIKit.framework */,
				1B0AD7DD1558287300B7D329 /* Foundation.framework */,
				1B0AD7DF1558287300B7D329 /* CoreGraphics.framework */,
			);
			name = Frameworks;
			sourceTree = "<group>";
		};
		1B0AD7E11558287300B7D329 /* AlertConfirmViewTest */ = {
			isa = PBXGroup;
			children = (
				1B0AD7F81558287D00B7D329 /* Classes */,
				1B0AD7EA1558287300B7D329 /* AppDelegate.h */,
				1B0AD7EB1558287300B7D329 /* AppDelegate.m */,
				1B0AD7ED1558287300B7D329 /* ViewController.h */,
				1B0AD7EE1558287300B7D329 /* ViewController.m */,
				1B0AD7F01558287300B7D329 /* ViewController.xib */,
				1B0AD7E21558287300B7D329 /* Supporting Files */,
			);
			path = AlertConfirmViewTest;
			sourceTree = "<group>";
		};
		1B0AD7E21558287300B7D329 /* Supporting Files */ = {
			isa = PBXGroup;
			children = (
				1B0AD7E31558287300B7D329 /* AlertConfirmViewTest-Info.plist */,
				1B0AD7E41558287300B7D329 /* InfoPlist.strings */,
				1B0AD7E71558287300B7D329 /* main.m */,
				1B0AD7E91558287300B7D329 /* AlertConfirmViewTest-Prefix.pch */,
			);
			name = "Supporting Files";
			sourceTree = "<group>";
		};
		1B0AD7F81558287D00B7D329 /* Classes */ = {
			isa = PBXGroup;
			children = (
				1B0AD7F9155828A600B7D329 /* AlertConfirmView.h */,
				1B0AD7FA155828A600B7D329 /* AlertConfirmView.m */,
			);
			name = Classes;
			sourceTree = "<group>";
		};
/* End PBXGroup section */

/* Begin PBXNativeTarget section */
		1B0AD7D61558287300B7D329 /* AlertConfirmViewTest */ = {
			isa = PBXNativeTarget;
			buildConfigurationList = 1B0AD7F51558287300B7D329 /* Build configuration list for PBXNativeTarget "AlertConfirmViewTest" */;
			buildPhases = (
				1B0AD7D31558287300B7D329 /* Sources */,
				1B0AD7D41558287300B7D329 /* Frameworks */,
				1B0AD7D51558287300B7D329 /* Resources */,
			);
			buildRules = (
			);
			dependencies = (
			);
			name = AlertConfirmViewTest;
			productName = AlertConfirmViewTest;
			productReference = 1B0AD7D71558287300B7D329 /* AlertConfirmViewTest.app */;
			productType = "com.apple.product-type.application";
		};
/* End PBXNativeTarget section */

/* Begin PBXProject section */
		1B0AD7CE1558287300B7D329 /* Project object */ = {
			isa = PBXProject;
			attributes = {
				LastUpgradeCheck = 0430;
			};
			buildConfigurationList = 1B0AD7D11558287300B7D329 /* Build configuration list for PBXProject "AlertConfirmViewTest" */;
			compatibilityVersion = "Xcode 3.2";
			developmentRegion = English;
			hasScannedForEncodings = 0;
			knownRegions = (
				en,
			);
			mainGroup = 1B0AD7CC1558287300B7D329;
			productRefGroup = 1B0AD7D81558287300B7D329 /* Products */;
			projectDirPath = "";
			projectRoot = "";
			targets = (
				1B0AD7D61558287300B7D329 /* AlertConfirmViewTest */,
			);
		};
/* End PBXProject section */

/* Begin PBXResourcesBuildPhase section */
		1B0AD7D51558287300B7D329 /* Resources */ = {
			isa = PBXResourcesBuildPhase;
			buildActionMask = 2147483647;
			files = (
				1B0AD7E61558287300B7D329 /* InfoPlist.strings in Resources */,
				1B0AD7F21558287300B7D329 /* ViewController.xib in Resources */,
			);
			runOnlyForDeploymentPostprocessing = 0;
		};
/* End PBXResourcesBuildPhase section */

/* Begin PBXSourcesBuildPhase section */
		1B0AD7D31558287300B7D329 /* Sources */ = {
			isa = PBXSourcesBuildPhase;
			buildActionMask = 2147483647;
			files = (
				1B0AD7E81558287300B7D329 /* main.m in Sources */,
				1B0AD7EC1558287300B7D329 /* AppDelegate.m in Sources */,
				1B0AD7EF1558287300B7D329 /* ViewController.m in Sources */,
				1B0AD7FB155828A600B7D329 /* AlertConfirmView.m in Sources */,
			);
			runOnlyForDeploymentPostprocessing = 0;
		};
/* End PBXSourcesBuildPhase section */

/* Begin PBXVariantGroup section */
		1B0AD7E41558287300B7D329 /* InfoPlist.strings */ = {
			isa = PBXVariantGroup;
			children = (
				1B0AD7E51558287300B7D329 /* en */,
			);
			name = InfoPlist.strings;
			sourceTree = "<group>";
		};
		1B0AD7F01558287300B7D329 /* ViewController.xib */ = {
			isa = PBXVariantGroup;
			children = (
				1B0AD7F11558287300B7D329 /* en */,
			);
			name = ViewController.xib;
			sourceTree = "<group>";
		};
/* End PBXVariantGroup section */

/* Begin XCBuildConfiguration section */
		1B0AD7F31558287300B7D329 /* Debug */ = {
			isa = XCBuildConfiguration;
			buildSettings = {
				ALWAYS_SEARCH_USER_PATHS = NO;
				ARCHS = "$(ARCHS_STANDARD_32_BIT)";
				"CODE_SIGN_IDENTITY[sdk=iphoneos*]" = "iPhone Developer";
				COPY_PHASE_STRIP = NO;
				GCC_C_LANGUAGE_STANDARD = gnu99;
				GCC_DYNAMIC_NO_PIC = NO;
				GCC_OPTIMIZATION_LEVEL = 0;
				GCC_PREPROCESSOR_DEFINITIONS = (
					"DEBUG=1",
					"$(inherited)",
				);
				GCC_SYMBOLS_PRIVATE_EXTERN = NO;
				GCC_VERSION = com.apple.compilers.llvm.clang.1_0;
				GCC_WARN_ABOUT_RETURN_TYPE = YES;
				GCC_WARN_UNINITIALIZED_AUTOS = YES;
				GCC_WARN_UNUSED_VARIABLE = YES;
				IPHONEOS_DEPLOYMENT_TARGET = 5.1;
				SDKROOT = iphoneos;
			};
			name = Debug;
		};
		1B0AD7F41558287300B7D329 /* Release */ = {
			isa = XCBuildConfiguration;
			buildSettings = {
				ALWAYS_SEARCH_USER_PATHS = NO;
				ARCHS = "$(ARCHS_STANDARD_32_BIT)";
				"CODE_SIGN_IDENTITY[sdk=iphoneos*]" = "iPhone Developer";
				COPY_PHASE_STRIP = YES;
				GCC_C_LANGUAGE_STANDARD = gnu99;
				GCC_VERSION = com.apple.compilers.llvm.clang.1_0;
				GCC_WARN_ABOUT_RETURN_TYPE = YES;
				GCC_WARN_UNINITIALIZED_AUTOS = YES;
				GCC_WARN_UNUSED_VARIABLE = YES;
				IPHONEOS_DEPLOYMENT_TARGET = 5.1;
				OTHER_CFLAGS = "-DNS_BLOCK_ASSERTIONS=1";
				SDKROOT = iphoneos;
				VALIDATE_PRODUCT = YES;
			};
			name = Release;
		};
		1B0AD7F61558287300B7D329 /* Debug */ = {
			isa = XCBuildConfiguration;
			buildSettings = {
				GCC_PRECOMPILE_PREFIX_HEADER = YES;
				GCC_PREFIX_HEADER = "AlertConfirmViewTest/AlertConfirmViewTest-Prefix.pch";
				INFOPLIST_FILE = "AlertConfirmViewTest/AlertConfirmViewTest-Info.plist";
				PRODUCT_NAME = "$(TARGET_NAME)";
				WRAPPER_EXTENSION = app;
			};
			name = Debug;
		};
		1B0AD7F71558287300B7D329 /* Release */ = {
			isa = XCBuildConfiguration;
			buildSettings = {
				GCC_PRECOMPILE_PREFIX_HEADER = YES;
				GCC_PREFIX_HEADER = "AlertConfirmViewTest/AlertConfirmViewTest-Prefix.pch";
				INFOPLIST_FILE = "AlertConfirmViewTest/AlertConfirmViewTest-Info.plist";
				PRODUCT_NAME = "$(TARGET_NAME)";
				WRAPPER_EXTENSION = app;
			};
			name = Release;
		};
/* End XCBuildConfiguration section */

/* Begin XCConfigurationList section */
		1B0AD7D11558287300B7D329 /* Build configuration list for PBXProject "AlertConfirmViewTest" */ = {
			isa = XCConfigurationList;
			buildConfigurations = (
				1B0AD7F31558287300B7D329 /* Debug */,
				1B0AD7F41558287300B7D329 /* Release */,
			);
			defaultConfigurationIsVisible = 0;
			defaultConfigurationName = Release;
		};
		1B0AD7F51558287300B7D329 /* Build configuration list for PBXNativeTarget "AlertConfirmViewTest" */ = {
			isa = XCConfigurationList;
			buildConfigurations = (
				1B0AD7F61558287300B7D329 /* Debug */,
				1B0AD7F71558287300B7D329 /* Release */,
			);
			defaultConfigurationIsVisible = 0;
		};
/* End XCConfigurationList section */
	};
	rootObject = 1B0AD7CE1558287300B7D329 /* Project object */;
}
